{
  "version": 4,
  "terraform_version": "1.9.8",
  "serial": 158,
  "lineage": "b05e89ac-f636-393a-b45d-7cc2a5388ecd",
  "outputs": {},
  "resources": [
    {
      "mode": "managed",
      "type": "random_id",
      "name": "suffix",
      "provider": "provider[\"registry.terraform.io/hashicorp/random\"]",
      "instances": [
        {
          "schema_version": 0,
          "attributes": {
            "b64_std": "zfbT6g==",
            "b64_url": "zfbT6g",
            "byte_length": 4,
            "dec": "3455505386",
            "hex": "cdf6d3ea",
            "id": "zfbT6g",
            "keepers": null,
            "prefix": null
          },
          "sensitive_attributes": []
        }
      ]
    },
    {
      "module": "module.EC2",
      "mode": "managed",
      "type": "aws_ami_from_instance",
      "name": "rafay-ami",
      "provider": "provider[\"registry.terraform.io/hashicorp/aws\"]",
      "instances": [
        {
          "schema_version": 0,
          "attributes": {
            "architecture": "x86_64",
            "arn": "arn:aws:ec2:us-east-1::image/ami-04764c7123cab667c",
            "boot_mode": "",
            "deprecation_time": "",
            "description": "AMI FOR IIS SERVER",
            "ebs_block_device": [
              {
                "delete_on_termination": true,
                "device_name": "/dev/sda1",
                "encrypted": false,
                "iops": 0,
                "outpost_arn": "",
                "snapshot_id": "snap-0af7bb33032b35e28",
                "throughput": 0,
                "volume_size": 30,
                "volume_type": "gp2"
              }
            ],
            "ena_support": true,
            "ephemeral_block_device": [
              {
                "device_name": "xvdca",
                "virtual_name": "ephemeral0"
              },
              {
                "device_name": "xvdcb",
                "virtual_name": "ephemeral1"
              },
              {
                "device_name": "xvdcc",
                "virtual_name": "ephemeral2"
              },
              {
                "device_name": "xvdcd",
                "virtual_name": "ephemeral3"
              },
              {
                "device_name": "xvdce",
                "virtual_name": "ephemeral4"
              },
              {
                "device_name": "xvdcf",
                "virtual_name": "ephemeral5"
              },
              {
                "device_name": "xvdcg",
                "virtual_name": "ephemeral6"
              },
              {
                "device_name": "xvdch",
                "virtual_name": "ephemeral7"
              },
              {
                "device_name": "xvdci",
                "virtual_name": "ephemeral8"
              },
              {
                "device_name": "xvdcj",
                "virtual_name": "ephemeral9"
              },
              {
                "device_name": "xvdck",
                "virtual_name": "ephemeral10"
              },
              {
                "device_name": "xvdcl",
                "virtual_name": "ephemeral11"
              },
              {
                "device_name": "xvdcm",
                "virtual_name": "ephemeral12"
              },
              {
                "device_name": "xvdcn",
                "virtual_name": "ephemeral13"
              },
              {
                "device_name": "xvdco",
                "virtual_name": "ephemeral14"
              },
              {
                "device_name": "xvdcp",
                "virtual_name": "ephemeral15"
              },
              {
                "device_name": "xvdcq",
                "virtual_name": "ephemeral16"
              },
              {
                "device_name": "xvdcr",
                "virtual_name": "ephemeral17"
              },
              {
                "device_name": "xvdcs",
                "virtual_name": "ephemeral18"
              },
              {
                "device_name": "xvdct",
                "virtual_name": "ephemeral19"
              },
              {
                "device_name": "xvdcu",
                "virtual_name": "ephemeral20"
              },
              {
                "device_name": "xvdcv",
                "virtual_name": "ephemeral21"
              },
              {
                "device_name": "xvdcw",
                "virtual_name": "ephemeral22"
              },
              {
                "device_name": "xvdcx",
                "virtual_name": "ephemeral23"
              },
              {
                "device_name": "xvdcy",
                "virtual_name": "ephemeral24"
              },
              {
                "device_name": "xvdcz",
                "virtual_name": "ephemeral25"
              }
            ],
            "hypervisor": "xen",
            "id": "ami-04764c7123cab667c",
            "image_location": "678878256416/rafay-ami",
            "image_owner_alias": "",
            "image_type": "machine",
            "imds_support": "",
            "kernel_id": "",
            "manage_ebs_snapshots": true,
            "name": "rafay-ami",
            "owner_id": "678878256416",
            "platform": "windows",
            "platform_details": "Windows",
            "public": false,
            "ramdisk_id": "",
            "root_device_name": "/dev/sda1",
            "root_snapshot_id": "snap-0af7bb33032b35e28",
            "snapshot_without_reboot": null,
            "source_instance_id": "i-0aff38f87ccfd191d",
            "sriov_net_support": "simple",
            "tags": {
              "Name": "rafay-IIS-ami"
            },
            "tags_all": {
              "Name": "rafay-IIS-ami"
            },
            "timeouts": null,
            "tpm_support": "",
            "usage_operation": "RunInstances:0002",
            "virtualization_type": "hvm"
          },
          "sensitive_attributes": [],
          "private": "eyJlMmJmYjczMC1lY2FhLTExZTYtOGY4OC0zNDM2M2JjN2M0YzAiOnsiY3JlYXRlIjoyNDAwMDAwMDAwMDAwLCJkZWxldGUiOjU0MDAwMDAwMDAwMDAsInVwZGF0ZSI6MjQwMDAwMDAwMDAwMH19",
          "dependencies": [
            "module.EC2.aws_instance.IIS-server",
            "module.EC2.aws_key_pair.rafay-key",
            "module.EC2.aws_security_group.IIS-server",
            "module.EC2.tls_private_key.EC2-key",
            "module.subnets.aws_subnet.pub-sub1",
            "module.vpc.aws_vpc.main"
          ]
        }
      ]
    },
    {
      "module": "module.EC2",
      "mode": "managed",
      "type": "aws_instance",
      "name": "IIS-server",
      "provider": "provider[\"registry.terraform.io/hashicorp/aws\"]",
      "instances": [
        {
          "schema_version": 1,
          "attributes": {
            "ami": "ami-0b1f2b17be9b81cdc",
            "arn": "arn:aws:ec2:us-east-1:678878256416:instance/i-0aff38f87ccfd191d",
            "associate_public_ip_address": true,
            "availability_zone": "us-east-1b",
            "capacity_reservation_specification": [
              {
                "capacity_reservation_preference": "open",
                "capacity_reservation_target": []
              }
            ],
            "cpu_core_count": 1,
            "cpu_options": [
              {
                "amd_sev_snp": "",
                "core_count": 1,
                "threads_per_core": 1
              }
            ],
            "cpu_threads_per_core": 1,
            "credit_specification": [
              {
                "cpu_credits": "standard"
              }
            ],
            "disable_api_stop": false,
            "disable_api_termination": false,
            "ebs_block_device": [],
            "ebs_optimized": false,
            "enable_primary_ipv6": null,
            "enclave_options": [
              {
                "enabled": false
              }
            ],
            "ephemeral_block_device": [],
            "get_password_data": false,
            "hibernation": false,
            "host_id": "",
            "host_resource_group_arn": null,
            "iam_instance_profile": "",
            "id": "i-0aff38f87ccfd191d",
            "instance_initiated_shutdown_behavior": "stop",
            "instance_lifecycle": "",
            "instance_market_options": [],
            "instance_state": "running",
            "instance_type": "t2.micro",
            "ipv6_address_count": 0,
            "ipv6_addresses": [],
            "key_name": "my_key_pair",
            "launch_template": [],
            "maintenance_options": [
              {
                "auto_recovery": "default"
              }
            ],
            "metadata_options": [
              {
                "http_endpoint": "enabled",
                "http_protocol_ipv6": "disabled",
                "http_put_response_hop_limit": 1,
                "http_tokens": "optional",
                "instance_metadata_tags": "disabled"
              }
            ],
            "monitoring": false,
            "network_interface": [],
            "outpost_arn": "",
            "password_data": "",
            "placement_group": "",
            "placement_partition_number": 0,
            "primary_network_interface_id": "eni-0afa050435a01e2e8",
            "private_dns": "ip-10-0-1-136.ec2.internal",
            "private_dns_name_options": [
              {
                "enable_resource_name_dns_a_record": false,
                "enable_resource_name_dns_aaaa_record": false,
                "hostname_type": "ip-name"
              }
            ],
            "private_ip": "10.0.1.136",
            "public_dns": "",
            "public_ip": "35.170.51.204",
            "root_block_device": [
              {
                "delete_on_termination": true,
                "device_name": "/dev/sda1",
                "encrypted": false,
                "iops": 100,
                "kms_key_id": "",
                "tags": {},
                "tags_all": {},
                "throughput": 0,
                "volume_id": "vol-02a38712935e4bc65",
                "volume_size": 30,
                "volume_type": "gp2"
              }
            ],
            "secondary_private_ips": [],
            "security_groups": [],
            "source_dest_check": true,
            "spot_instance_request_id": "",
            "subnet_id": "subnet-0b0c7f372470db8bc",
            "tags": {
              "Name": "rafay-IIS-server"
            },
            "tags_all": {
              "Name": "rafay-IIS-server"
            },
            "tenancy": "default",
            "timeouts": null,
            "user_data": "2463b86b5217f169707bc09439eb9a2e27a6f1a0",
            "user_data_base64": null,
            "user_data_replace_on_change": false,
            "volume_tags": null,
            "vpc_security_group_ids": [
              "sg-047abebbedd7c9642"
            ]
          },
          "sensitive_attributes": [],
          "private": "eyJlMmJmYjczMC1lY2FhLTExZTYtOGY4OC0zNDM2M2JjN2M0YzAiOnsiY3JlYXRlIjo2MDAwMDAwMDAwMDAsImRlbGV0ZSI6MTIwMDAwMDAwMDAwMCwicmVhZCI6OTAwMDAwMDAwMDAwLCJ1cGRhdGUiOjYwMDAwMDAwMDAwMH0sInNjaGVtYV92ZXJzaW9uIjoiMSJ9",
          "dependencies": [
            "module.EC2.aws_key_pair.rafay-key",
            "module.EC2.aws_security_group.IIS-server",
            "module.EC2.tls_private_key.EC2-key",
            "module.subnets.aws_subnet.pub-sub1",
            "module.vpc.aws_vpc.main"
          ]
        }
      ]
    },
    {
      "module": "module.EC2",
      "mode": "managed",
      "type": "aws_instance",
      "name": "Web-server",
      "provider": "provider[\"registry.terraform.io/hashicorp/aws\"]",
      "instances": [
        {
          "schema_version": 1,
          "attributes": {
            "ami": "ami-0b1f2b17be9b81cdc",
            "arn": "arn:aws:ec2:us-east-1:678878256416:instance/i-03f1c5b9c32162f77",
            "associate_public_ip_address": false,
            "availability_zone": "us-east-1b",
            "capacity_reservation_specification": [
              {
                "capacity_reservation_preference": "open",
                "capacity_reservation_target": []
              }
            ],
            "cpu_core_count": 1,
            "cpu_options": [
              {
                "amd_sev_snp": "",
                "core_count": 1,
                "threads_per_core": 1
              }
            ],
            "cpu_threads_per_core": 1,
            "credit_specification": [
              {
                "cpu_credits": "standard"
              }
            ],
            "disable_api_stop": false,
            "disable_api_termination": false,
            "ebs_block_device": [],
            "ebs_optimized": false,
            "enable_primary_ipv6": null,
            "enclave_options": [
              {
                "enabled": false
              }
            ],
            "ephemeral_block_device": [],
            "get_password_data": false,
            "hibernation": false,
            "host_id": "",
            "host_resource_group_arn": null,
            "iam_instance_profile": "",
            "id": "i-03f1c5b9c32162f77",
            "instance_initiated_shutdown_behavior": "stop",
            "instance_lifecycle": "",
            "instance_market_options": [],
            "instance_state": "running",
            "instance_type": "t2.micro",
            "ipv6_address_count": 0,
            "ipv6_addresses": [],
            "key_name": "",
            "launch_template": [],
            "maintenance_options": [
              {
                "auto_recovery": "default"
              }
            ],
            "metadata_options": [
              {
                "http_endpoint": "enabled",
                "http_protocol_ipv6": "disabled",
                "http_put_response_hop_limit": 1,
                "http_tokens": "optional",
                "instance_metadata_tags": "disabled"
              }
            ],
            "monitoring": false,
            "network_interface": [],
            "outpost_arn": "",
            "password_data": "",
            "placement_group": "",
            "placement_partition_number": 0,
            "primary_network_interface_id": "eni-097f18b8d124c9457",
            "private_dns": "ip-10-0-1-78.ec2.internal",
            "private_dns_name_options": [
              {
                "enable_resource_name_dns_a_record": false,
                "enable_resource_name_dns_aaaa_record": false,
                "hostname_type": "ip-name"
              }
            ],
            "private_ip": "10.0.1.78",
            "public_dns": "",
            "public_ip": "",
            "root_block_device": [
              {
                "delete_on_termination": true,
                "device_name": "/dev/sda1",
                "encrypted": false,
                "iops": 100,
                "kms_key_id": "",
                "tags": {},
                "tags_all": {},
                "throughput": 0,
                "volume_id": "vol-015b333d47ae5dfb7",
                "volume_size": 30,
                "volume_type": "gp2"
              }
            ],
            "secondary_private_ips": [],
            "security_groups": [],
            "source_dest_check": true,
            "spot_instance_request_id": "",
            "subnet_id": "subnet-0b0c7f372470db8bc",
            "tags": {
              "Name": "rafayWebServer"
            },
            "tags_all": {
              "Name": "rafayWebServer"
            },
            "tenancy": "default",
            "timeouts": null,
            "user_data": null,
            "user_data_base64": null,
            "user_data_replace_on_change": false,
            "volume_tags": null,
            "vpc_security_group_ids": [
              "sg-01cb2ad35b7d7a4cf"
            ]
          },
          "sensitive_attributes": [],
          "private": "eyJlMmJmYjczMC1lY2FhLTExZTYtOGY4OC0zNDM2M2JjN2M0YzAiOnsiY3JlYXRlIjo2MDAwMDAwMDAwMDAsImRlbGV0ZSI6MTIwMDAwMDAwMDAwMCwicmVhZCI6OTAwMDAwMDAwMDAwLCJ1cGRhdGUiOjYwMDAwMDAwMDAwMH0sInNjaGVtYV92ZXJzaW9uIjoiMSJ9",
          "dependencies": [
            "module.EC2.aws_security_group.web_sg",
            "module.subnets.aws_subnet.pub-sub1",
            "module.vpc.aws_vpc.main"
          ]
        }
      ]
    },
    {
      "module": "module.EC2",
      "mode": "managed",
      "type": "aws_key_pair",
      "name": "rafay-key",
      "provider": "provider[\"registry.terraform.io/hashicorp/aws\"]",
      "instances": [
        {
          "schema_version": 1,
          "attributes": {
            "arn": "arn:aws:ec2:us-east-1:678878256416:key-pair/my_key_pair",
            "fingerprint": "fb:7f:c8:0c:19:23:d7:f5:ed:48:51:3f:2d:04:65:ba",
            "id": "my_key_pair",
            "key_name": "my_key_pair",
            "key_name_prefix": "",
            "key_pair_id": "key-0fd72a4054b5c3fab",
            "key_type": "rsa",
            "public_key": "ssh-rsa AAAAB3NzaC1yc2EAAAADAQABAAABAQDrQuC8LDdPIcEorcWrsyIoCq2LDiTNSVW7Uy/3rMSAU7QLwCiqIHnB/eWVH7BvOKVgunR/tOcVOIEsxdHaHg5xnJz8nSQqQXvHqUaXLDq0eNH1EUhyO2kDS/+9y7MXxKqOx5lkfzPrSmgZrFLzmOzYES+pnR4elwhcJqCedunp5H1CkBTh/UFX7beTbXBhcOoNnO7w6J9FBr4z9AnlUxkIrz5cEtRVS44WTbssIiP3q/UjuWY2w5MXT9i8nHhPkEWOMWBSRmh74GMEs4FoN8m1Y9QwTlKvJAFxrlVDK1+acDxwOTDDmCYp8h4H2hJ3jmZOlGiAeuP9qN+aL55BtVR3",
            "tags": null,
            "tags_all": {}
          },
          "sensitive_attributes": [],
          "private": "eyJzY2hlbWFfdmVyc2lvbiI6IjEifQ==",
          "dependencies": [
            "module.EC2.tls_private_key.EC2-key"
          ]
        }
      ]
    },
    {
      "module": "module.EC2",
      "mode": "managed",
      "type": "aws_security_group",
      "name": "IIS-server",
      "provider": "provider[\"registry.terraform.io/hashicorp/aws\"]",
      "instances": [
        {
          "schema_version": 1,
          "attributes": {
            "arn": "arn:aws:ec2:us-east-1:678878256416:security-group/sg-047abebbedd7c9642",
            "description": "Managed by Terraform",
            "egress": [
              {
                "cidr_blocks": [
                  "0.0.0.0/0"
                ],
                "description": "",
                "from_port": 0,
                "ipv6_cidr_blocks": [],
                "prefix_list_ids": [],
                "protocol": "-1",
                "security_groups": [],
                "self": false,
                "to_port": 0
              }
            ],
            "id": "sg-047abebbedd7c9642",
            "ingress": [
              {
                "cidr_blocks": [
                  "0.0.0.0/0"
                ],
                "description": "",
                "from_port": 3389,
                "ipv6_cidr_blocks": [],
                "prefix_list_ids": [],
                "protocol": "tcp",
                "security_groups": [],
                "self": false,
                "to_port": 3389
              },
              {
                "cidr_blocks": [
                  "0.0.0.0/0"
                ],
                "description": "",
                "from_port": 443,
                "ipv6_cidr_blocks": [],
                "prefix_list_ids": [],
                "protocol": "tcp",
                "security_groups": [],
                "self": false,
                "to_port": 443
              },
              {
                "cidr_blocks": [
                  "0.0.0.0/0"
                ],
                "description": "",
                "from_port": 80,
                "ipv6_cidr_blocks": [],
                "prefix_list_ids": [],
                "protocol": "tcp",
                "security_groups": [],
                "self": false,
                "to_port": 80
              }
            ],
            "name": "rafay-iis-sg20241231124929382200000002",
            "name_prefix": "rafay-iis-sg",
            "owner_id": "678878256416",
            "revoke_rules_on_delete": false,
            "tags": {
              "name": "rafay-IIS-server-sg"
            },
            "tags_all": {
              "name": "rafay-IIS-server-sg"
            },
            "timeouts": null,
            "vpc_id": "vpc-0016311411bdf0310"
          },
          "sensitive_attributes": [],
          "private": "eyJlMmJmYjczMC1lY2FhLTExZTYtOGY4OC0zNDM2M2JjN2M0YzAiOnsiY3JlYXRlIjo2MDAwMDAwMDAwMDAsImRlbGV0ZSI6OTAwMDAwMDAwMDAwfSwic2NoZW1hX3ZlcnNpb24iOiIxIn0=",
          "dependencies": [
            "module.vpc.aws_vpc.main"
          ]
        }
      ]
    },
    {
      "module": "module.EC2",
      "mode": "managed",
      "type": "aws_security_group",
      "name": "web_sg",
      "provider": "provider[\"registry.terraform.io/hashicorp/aws\"]",
      "instances": [
        {
          "schema_version": 1,
          "attributes": {
            "arn": "arn:aws:ec2:us-east-1:678878256416:security-group/sg-01cb2ad35b7d7a4cf",
            "description": "Managed by Terraform",
            "egress": [
              {
                "cidr_blocks": [
                  "0.0.0.0/0"
                ],
                "description": "",
                "from_port": 0,
                "ipv6_cidr_blocks": [],
                "prefix_list_ids": [],
                "protocol": "-1",
                "security_groups": [],
                "self": false,
                "to_port": 0
              }
            ],
            "id": "sg-01cb2ad35b7d7a4cf",
            "ingress": [
              {
                "cidr_blocks": [
                  "0.0.0.0/0"
                ],
                "description": "",
                "from_port": 22,
                "ipv6_cidr_blocks": [],
                "prefix_list_ids": [],
                "protocol": "tcp",
                "security_groups": [],
                "self": false,
                "to_port": 22
              },
              {
                "cidr_blocks": [
                  "0.0.0.0/0"
                ],
                "description": "",
                "from_port": 80,
                "ipv6_cidr_blocks": [],
                "prefix_list_ids": [],
                "protocol": "tcp",
                "security_groups": [],
                "self": false,
                "to_port": 80
              }
            ],
            "name": "web-sg-20241231124929385900000003",
            "name_prefix": "web-sg-",
            "owner_id": "678878256416",
            "revoke_rules_on_delete": false,
            "tags": null,
            "tags_all": {},
            "timeouts": null,
            "vpc_id": "vpc-0016311411bdf0310"
          },
          "sensitive_attributes": [],
          "private": "eyJlMmJmYjczMC1lY2FhLTExZTYtOGY4OC0zNDM2M2JjN2M0YzAiOnsiY3JlYXRlIjo2MDAwMDAwMDAwMDAsImRlbGV0ZSI6OTAwMDAwMDAwMDAwfSwic2NoZW1hX3ZlcnNpb24iOiIxIn0=",
          "dependencies": [
            "module.vpc.aws_vpc.main"
          ]
        }
      ]
    },
    {
      "module": "module.EC2",
      "mode": "managed",
      "type": "local_file",
      "name": "private_key",
      "provider": "provider[\"registry.terraform.io/hashicorp/local\"]",
      "instances": [
        {
          "schema_version": 0,
          "attributes": {
            "content": "-----BEGIN RSA PRIVATE KEY-----\nMIIEpAIBAAKCAQEA60LgvCw3TyHBKK3Fq7MiKAqtiw4kzUlVu1Mv96zEgFO0C8Ao\nqiB5wf3llR+wbzilYLp0f7TnFTiBLMXR2h4OcZyc/J0kKkF7x6lGlyw6tHjR9RFI\ncjtpA0v/vcuzF8SqjseZZH8z60poGaxS85js2BEvqZ0eHpcIXCagnnbp6eR9QpAU\n4f1BV+23k21wYXDqDZzu8OifRQa+M/QJ5VMZCK8+XBLUVUuOFk27LCIj96v1I7lm\nNsOTF0/YvJx4T5BFjjFgUkZoe+BjBLOBaDfJtWPUME5SryQBca5VQytfmnA8cDkw\nw5gmKfIeB9oSd45mTpRogHrj/ajfmi+eQbVUdwIDAQABAoIBAQCAlbEXqGMikSRu\nA2yDCAmnMQ7hbf2XZnnBRRp2mKteKGHD+mc/dTiXWxpcg1F/uMpLMB30nv+ejZ+s\nxQKJ4NusJRl4yLq3jcsFufOnNLlxYof/Fk8ugGJJNwS0y907JHbESzv/vba255g2\nUAWWtwLcpagTYJjRx2L+Wu53Li9zci7LjlpTX7rokpt7IdN5NuZh1aOxQBi6RKaD\nMZUV7ZGA+9P4sJ0JS51yaa7l3rkR+AWX3xCtqkUVCc3TLn6RZeJBbfkPxMp30U5t\nGkzQIM+j2XL1/kSSdR7HbuN0ZrO2TVV6aQy+grJ4KoDc+87rUF/LILLQ2Fm1CjUU\nAnSE0NxBAoGBAO2Y6/3eLnCOU0kvVDJJLg/gzoONsQbqiecwNKA+qiEtq8nvnmPZ\ncdZTKW/Qj2ynNmVKpJV0tgSXYDNOe142WqCzAHs1IeiJmmm208EMoTvNr1/Z5jes\ntH1iTWAR/1w4sR/d9UBlfa9325UeQKLJpECBg3b8oQHK4IDb1+giZ6lpAoGBAP17\norub0iTcX9OilM6jsYRSZgk595Lnq78H67ic5Ixgl8Jgs4T3oREOBLIpP2uGMhlL\n/3TuHRaqmLEHlYad8AHxDwebOnBcpgo9QnMu3acdTGemEidMAecrJ1y2Sbb16E6+\neNTl9GDVnX0Nah/0lnM/cNcW2nc25l8oD+VpOHLfAoGBAKQMjBTTDXmFq5fCZ/34\nbSdlbvGCKZK+6cyIii2CVvFlmVFqcxA6GNGExf2AISdCJNq3OQBAf1SYOEH0lFWu\nbdC7B0AKpYjrSYRoSbjnQYQLNmWWC9CxHEXeU9JbWteQBSwdkrKN4MQAm8pQAwzi\n8NfhFKZZM8oLDAusv1x2NODRAoGATDzmOeTotFtvmth4RxompvSdacL8ejuhhSgd\ntn3Bo5LdsgGhnKlZ0SZVNTyArZdD9CXOZF3Fc+7FU+FDEKTp7buR2KjQT8Ed01CP\nbtM2qS9/rmDdbuJGZD+vbAwLabLWNvDEqMusz38QCe+B7rCCm5EGIDroZBin+xCy\njz4xUyMCgYA0Y4n8Wn5apydPUvBsdpbUwev899+8qUbyP0G+CVn8p9j5FboT50CK\n67K5QN4WW5i5FJfEUf1xjN0fAt+RzpgR+whqGy7W3xp3eovu7mADFSo2RPkA9HX6\n1s08PP80ud/ILS3RS60/thKbhVr7Qr1oB1imkngejjjX6pWn1odAkA==\n-----END RSA PRIVATE KEY-----\n",
            "content_base64": null,
            "content_base64sha256": "P5z/mC5FWOtHVqX49At+uSAisX3daPcpacc4aBiWJfA=",
            "content_base64sha512": "jOWn8+aVUriHcOPODQUAtbBLIOJbBg1/gZfSNtMaSrnQvDl8lnzkytBbS/68K51/is6zNIJlbJzY2opHBd/BAg==",
            "content_md5": "705c4253a137102f7b1fed59382bdef0",
            "content_sha1": "0d2881328d4bb5adde107b9c320e4ee1e25c1da3",
            "content_sha256": "3f9cff982e4558eb4756a5f8f40b7eb92022b17ddd68f72969c73868189625f0",
            "content_sha512": "8ce5a7f3e69552b88770e3ce0d0500b5b04b20e25b060d7f8197d236d31a4ab9d0bc397c967ce4cad05b4bfebc2b9d7f8aceb33482656c9cd8da8a4705dfc102",
            "directory_permission": "0777",
            "file_permission": "0777",
            "filename": "EC2/my_key_pair.pem",
            "id": "0d2881328d4bb5adde107b9c320e4ee1e25c1da3",
            "sensitive_content": null,
            "source": null
          },
          "sensitive_attributes": [
            [
              {
                "type": "get_attr",
                "value": "sensitive_content"
              }
            ],
            [
              {
                "type": "get_attr",
                "value": "content"
              }
            ]
          ],
          "dependencies": [
            "module.EC2.tls_private_key.EC2-key"
          ]
        }
      ]
    },
    {
      "module": "module.EC2",
      "mode": "managed",
      "type": "tls_private_key",
      "name": "EC2-key",
      "provider": "provider[\"registry.terraform.io/hashicorp/tls\"]",
      "instances": [
        {
          "schema_version": 1,
          "attributes": {
            "algorithm": "RSA",
            "ecdsa_curve": "P224",
            "id": "700e9aa99175e0571d01b39fde860e2eaf232f33",
            "private_key_openssh": "-----BEGIN OPENSSH PRIVATE KEY-----\nb3BlbnNzaC1rZXktdjEAAAAABG5vbmUAAAAEbm9uZQAAAAAAAAABAAABFwAAAAdz\nc2gtcnNhAAAAAwEAAQAAAQEA60LgvCw3TyHBKK3Fq7MiKAqtiw4kzUlVu1Mv96zE\ngFO0C8AoqiB5wf3llR+wbzilYLp0f7TnFTiBLMXR2h4OcZyc/J0kKkF7x6lGlyw6\ntHjR9RFIcjtpA0v/vcuzF8SqjseZZH8z60poGaxS85js2BEvqZ0eHpcIXCagnnbp\n6eR9QpAU4f1BV+23k21wYXDqDZzu8OifRQa+M/QJ5VMZCK8+XBLUVUuOFk27LCIj\n96v1I7lmNsOTF0/YvJx4T5BFjjFgUkZoe+BjBLOBaDfJtWPUME5SryQBca5VQytf\nmnA8cDkww5gmKfIeB9oSd45mTpRogHrj/ajfmi+eQbVUdwAAA7iHt8Zlh7fGZQAA\nAAdzc2gtcnNhAAABAQDrQuC8LDdPIcEorcWrsyIoCq2LDiTNSVW7Uy/3rMSAU7QL\nwCiqIHnB/eWVH7BvOKVgunR/tOcVOIEsxdHaHg5xnJz8nSQqQXvHqUaXLDq0eNH1\nEUhyO2kDS/+9y7MXxKqOx5lkfzPrSmgZrFLzmOzYES+pnR4elwhcJqCedunp5H1C\nkBTh/UFX7beTbXBhcOoNnO7w6J9FBr4z9AnlUxkIrz5cEtRVS44WTbssIiP3q/Uj\nuWY2w5MXT9i8nHhPkEWOMWBSRmh74GMEs4FoN8m1Y9QwTlKvJAFxrlVDK1+acDxw\nOTDDmCYp8h4H2hJ3jmZOlGiAeuP9qN+aL55BtVR3AAAAAwEAAQAAAQEAgJWxF6hj\nIpEkbgNsgwgJpzEO4W39l2Z5wUUadpirXihhw/pnP3U4l1saXINRf7jKSzAd9J7/\nno2frMUCieDbrCUZeMi6t43LBbnzpzS5cWKH/xZPLoBiSTcEtMvdOyR2xEs7/722\ntueYNlAFlrcC3KWoE2CY0cdi/lrudy4vc3Iuy45aU1+66JKbeyHTeTbmYdWjsUAY\nukSmgzGVFe2RgPvT+LCdCUudcmmu5d65EfgFl98QrapFFQnN0y5+kWXiQW35D8TK\nd9FObRpM0CDPo9ly9f5EknUex27jdGaztk1VemkMvoKyeCqA3PvO61BfyyCy0NhZ\ntQo1FAJ0hNDcQQAAAIA0Y4n8Wn5apydPUvBsdpbUwev899+8qUbyP0G+CVn8p9j5\nFboT50CK67K5QN4WW5i5FJfEUf1xjN0fAt+RzpgR+whqGy7W3xp3eovu7mADFSo2\nRPkA9HX61s08PP80ud/ILS3RS60/thKbhVr7Qr1oB1imkngejjjX6pWn1odAkAAA\nAIEA7Zjr/d4ucI5TSS9UMkkuD+DOg42xBuqJ5zA0oD6qIS2rye+eY9lx1lMpb9CP\nbKc2ZUqklXS2BJdgM057XjZaoLMAezUh6ImaabbTwQyhO82vX9nmN6y0fWJNYBH/\nXDixH931QGV9r3fblR5AosmkQIGDdvyhAcrggNvX6CJnqWkAAACBAP17orub0iTc\nX9OilM6jsYRSZgk595Lnq78H67ic5Ixgl8Jgs4T3oREOBLIpP2uGMhlL/3TuHRaq\nmLEHlYad8AHxDwebOnBcpgo9QnMu3acdTGemEidMAecrJ1y2Sbb16E6+eNTl9GDV\nnX0Nah/0lnM/cNcW2nc25l8oD+VpOHLfAAAAAAEC\n-----END OPENSSH PRIVATE KEY-----\n",
            "private_key_pem": "-----BEGIN RSA PRIVATE KEY-----\nMIIEpAIBAAKCAQEA60LgvCw3TyHBKK3Fq7MiKAqtiw4kzUlVu1Mv96zEgFO0C8Ao\nqiB5wf3llR+wbzilYLp0f7TnFTiBLMXR2h4OcZyc/J0kKkF7x6lGlyw6tHjR9RFI\ncjtpA0v/vcuzF8SqjseZZH8z60poGaxS85js2BEvqZ0eHpcIXCagnnbp6eR9QpAU\n4f1BV+23k21wYXDqDZzu8OifRQa+M/QJ5VMZCK8+XBLUVUuOFk27LCIj96v1I7lm\nNsOTF0/YvJx4T5BFjjFgUkZoe+BjBLOBaDfJtWPUME5SryQBca5VQytfmnA8cDkw\nw5gmKfIeB9oSd45mTpRogHrj/ajfmi+eQbVUdwIDAQABAoIBAQCAlbEXqGMikSRu\nA2yDCAmnMQ7hbf2XZnnBRRp2mKteKGHD+mc/dTiXWxpcg1F/uMpLMB30nv+ejZ+s\nxQKJ4NusJRl4yLq3jcsFufOnNLlxYof/Fk8ugGJJNwS0y907JHbESzv/vba255g2\nUAWWtwLcpagTYJjRx2L+Wu53Li9zci7LjlpTX7rokpt7IdN5NuZh1aOxQBi6RKaD\nMZUV7ZGA+9P4sJ0JS51yaa7l3rkR+AWX3xCtqkUVCc3TLn6RZeJBbfkPxMp30U5t\nGkzQIM+j2XL1/kSSdR7HbuN0ZrO2TVV6aQy+grJ4KoDc+87rUF/LILLQ2Fm1CjUU\nAnSE0NxBAoGBAO2Y6/3eLnCOU0kvVDJJLg/gzoONsQbqiecwNKA+qiEtq8nvnmPZ\ncdZTKW/Qj2ynNmVKpJV0tgSXYDNOe142WqCzAHs1IeiJmmm208EMoTvNr1/Z5jes\ntH1iTWAR/1w4sR/d9UBlfa9325UeQKLJpECBg3b8oQHK4IDb1+giZ6lpAoGBAP17\norub0iTcX9OilM6jsYRSZgk595Lnq78H67ic5Ixgl8Jgs4T3oREOBLIpP2uGMhlL\n/3TuHRaqmLEHlYad8AHxDwebOnBcpgo9QnMu3acdTGemEidMAecrJ1y2Sbb16E6+\neNTl9GDVnX0Nah/0lnM/cNcW2nc25l8oD+VpOHLfAoGBAKQMjBTTDXmFq5fCZ/34\nbSdlbvGCKZK+6cyIii2CVvFlmVFqcxA6GNGExf2AISdCJNq3OQBAf1SYOEH0lFWu\nbdC7B0AKpYjrSYRoSbjnQYQLNmWWC9CxHEXeU9JbWteQBSwdkrKN4MQAm8pQAwzi\n8NfhFKZZM8oLDAusv1x2NODRAoGATDzmOeTotFtvmth4RxompvSdacL8ejuhhSgd\ntn3Bo5LdsgGhnKlZ0SZVNTyArZdD9CXOZF3Fc+7FU+FDEKTp7buR2KjQT8Ed01CP\nbtM2qS9/rmDdbuJGZD+vbAwLabLWNvDEqMusz38QCe+B7rCCm5EGIDroZBin+xCy\njz4xUyMCgYA0Y4n8Wn5apydPUvBsdpbUwev899+8qUbyP0G+CVn8p9j5FboT50CK\n67K5QN4WW5i5FJfEUf1xjN0fAt+RzpgR+whqGy7W3xp3eovu7mADFSo2RPkA9HX6\n1s08PP80ud/ILS3RS60/thKbhVr7Qr1oB1imkngejjjX6pWn1odAkA==\n-----END RSA PRIVATE KEY-----\n",
            "private_key_pem_pkcs8": "-----BEGIN PRIVATE KEY-----\nMIIEvgIBADANBgkqhkiG9w0BAQEFAASCBKgwggSkAgEAAoIBAQDrQuC8LDdPIcEo\nrcWrsyIoCq2LDiTNSVW7Uy/3rMSAU7QLwCiqIHnB/eWVH7BvOKVgunR/tOcVOIEs\nxdHaHg5xnJz8nSQqQXvHqUaXLDq0eNH1EUhyO2kDS/+9y7MXxKqOx5lkfzPrSmgZ\nrFLzmOzYES+pnR4elwhcJqCedunp5H1CkBTh/UFX7beTbXBhcOoNnO7w6J9FBr4z\n9AnlUxkIrz5cEtRVS44WTbssIiP3q/UjuWY2w5MXT9i8nHhPkEWOMWBSRmh74GME\ns4FoN8m1Y9QwTlKvJAFxrlVDK1+acDxwOTDDmCYp8h4H2hJ3jmZOlGiAeuP9qN+a\nL55BtVR3AgMBAAECggEBAICVsReoYyKRJG4DbIMICacxDuFt/ZdmecFFGnaYq14o\nYcP6Zz91OJdbGlyDUX+4ykswHfSe/56Nn6zFAong26wlGXjIureNywW586c0uXFi\nh/8WTy6AYkk3BLTL3TskdsRLO/+9trbnmDZQBZa3AtylqBNgmNHHYv5a7ncuL3Ny\nLsuOWlNfuuiSm3sh03k25mHVo7FAGLpEpoMxlRXtkYD70/iwnQlLnXJpruXeuRH4\nBZffEK2qRRUJzdMufpFl4kFt+Q/EynfRTm0aTNAgz6PZcvX+RJJ1Hsdu43Rms7ZN\nVXppDL6CsngqgNz7zutQX8sgstDYWbUKNRQCdITQ3EECgYEA7Zjr/d4ucI5TSS9U\nMkkuD+DOg42xBuqJ5zA0oD6qIS2rye+eY9lx1lMpb9CPbKc2ZUqklXS2BJdgM057\nXjZaoLMAezUh6ImaabbTwQyhO82vX9nmN6y0fWJNYBH/XDixH931QGV9r3fblR5A\nosmkQIGDdvyhAcrggNvX6CJnqWkCgYEA/Xuiu5vSJNxf06KUzqOxhFJmCTn3kuer\nvwfruJzkjGCXwmCzhPehEQ4Esik/a4YyGUv/dO4dFqqYsQeVhp3wAfEPB5s6cFym\nCj1Ccy7dpx1MZ6YSJ0wB5ysnXLZJtvXoTr541OX0YNWdfQ1qH/SWcz9w1xbadzbm\nXygP5Wk4ct8CgYEApAyMFNMNeYWrl8Jn/fhtJ2Vu8YIpkr7pzIiKLYJW8WWZUWpz\nEDoY0YTF/YAhJ0Ik2rc5AEB/VJg4QfSUVa5t0LsHQAqliOtJhGhJuOdBhAs2ZZYL\n0LEcRd5T0lta15AFLB2Sso3gxACbylADDOLw1+EUplkzygsMC6y/XHY04NECgYBM\nPOY55Oi0W2+a2HhHGiam9J1pwvx6O6GFKB22fcGjkt2yAaGcqVnRJlU1PICtl0P0\nJc5kXcVz7sVT4UMQpOntu5HYqNBPwR3TUI9u0zapL3+uYN1u4kZkP69sDAtpstY2\n8MSoy6zPfxAJ74HusIKbkQYgOuhkGKf7ELKPPjFTIwKBgDRjifxaflqnJ09S8Gx2\nltTB6/z337ypRvI/Qb4JWfyn2PkVuhPnQIrrsrlA3hZbmLkUl8RR/XGM3R8C35HO\nmBH7CGobLtbfGnd6i+7uYAMVKjZE+QD0dfrWzTw8/zS538gtLdFLrT+2EpuFWvtC\nvWgHWKaSeB6OONfqlafWh0CQ\n-----END PRIVATE KEY-----\n",
            "public_key_fingerprint_md5": "cd:74:49:5a:65:76:b9:09:32:c2:1c:0f:a2:1a:81:77",
            "public_key_fingerprint_sha256": "SHA256:KbCiNEGMLjjkTwDglZ2yhKmFBqFgggDUVoB00eL7a1s",
            "public_key_openssh": "ssh-rsa AAAAB3NzaC1yc2EAAAADAQABAAABAQDrQuC8LDdPIcEorcWrsyIoCq2LDiTNSVW7Uy/3rMSAU7QLwCiqIHnB/eWVH7BvOKVgunR/tOcVOIEsxdHaHg5xnJz8nSQqQXvHqUaXLDq0eNH1EUhyO2kDS/+9y7MXxKqOx5lkfzPrSmgZrFLzmOzYES+pnR4elwhcJqCedunp5H1CkBTh/UFX7beTbXBhcOoNnO7w6J9FBr4z9AnlUxkIrz5cEtRVS44WTbssIiP3q/UjuWY2w5MXT9i8nHhPkEWOMWBSRmh74GMEs4FoN8m1Y9QwTlKvJAFxrlVDK1+acDxwOTDDmCYp8h4H2hJ3jmZOlGiAeuP9qN+aL55BtVR3\n",
            "public_key_pem": "-----BEGIN PUBLIC KEY-----\nMIIBIjANBgkqhkiG9w0BAQEFAAOCAQ8AMIIBCgKCAQEA60LgvCw3TyHBKK3Fq7Mi\nKAqtiw4kzUlVu1Mv96zEgFO0C8AoqiB5wf3llR+wbzilYLp0f7TnFTiBLMXR2h4O\ncZyc/J0kKkF7x6lGlyw6tHjR9RFIcjtpA0v/vcuzF8SqjseZZH8z60poGaxS85js\n2BEvqZ0eHpcIXCagnnbp6eR9QpAU4f1BV+23k21wYXDqDZzu8OifRQa+M/QJ5VMZ\nCK8+XBLUVUuOFk27LCIj96v1I7lmNsOTF0/YvJx4T5BFjjFgUkZoe+BjBLOBaDfJ\ntWPUME5SryQBca5VQytfmnA8cDkww5gmKfIeB9oSd45mTpRogHrj/ajfmi+eQbVU\ndwIDAQAB\n-----END PUBLIC KEY-----\n",
            "rsa_bits": 2048
          },
          "sensitive_attributes": [
            [
              {
                "type": "get_attr",
                "value": "private_key_pem_pkcs8"
              }
            ],
            [
              {
                "type": "get_attr",
                "value": "private_key_pem"
              }
            ],
            [
              {
                "type": "get_attr",
                "value": "private_key_openssh"
              }
            ]
          ]
        }
      ]
    },
    {
      "module": "module.Load-balancer",
      "mode": "managed",
      "type": "aws_lb",
      "name": "rafay-lb",
      "provider": "provider[\"registry.terraform.io/hashicorp/aws\"]",
      "instances": [
        {
          "schema_version": 0,
          "attributes": {
            "access_logs": [
              {
                "bucket": "",
                "enabled": false,
                "prefix": ""
              }
            ],
            "arn": "arn:aws:elasticloadbalancing:us-east-1:678878256416:loadbalancer/app/rafay-lb-tf/6c30b0aedd9da6ee",
            "arn_suffix": "app/rafay-lb-tf/6c30b0aedd9da6ee",
            "client_keep_alive": 3600,
            "connection_logs": [
              {
                "bucket": "",
                "enabled": false,
                "prefix": ""
              }
            ],
            "customer_owned_ipv4_pool": "",
            "desync_mitigation_mode": "defensive",
            "dns_name": "rafay-lb-tf-382833217.us-east-1.elb.amazonaws.com",
            "dns_record_client_routing_policy": null,
            "drop_invalid_header_fields": false,
            "enable_cross_zone_load_balancing": true,
            "enable_deletion_protection": false,
            "enable_http2": true,
            "enable_tls_version_and_cipher_suite_headers": false,
            "enable_waf_fail_open": false,
            "enable_xff_client_port": false,
            "enable_zonal_shift": false,
            "enforce_security_group_inbound_rules_on_private_link_traffic": "",
            "id": "arn:aws:elasticloadbalancing:us-east-1:678878256416:loadbalancer/app/rafay-lb-tf/6c30b0aedd9da6ee",
            "idle_timeout": 60,
            "internal": false,
            "ip_address_type": "ipv4",
            "load_balancer_type": "application",
            "name": "rafay-lb-tf",
            "name_prefix": "",
            "preserve_host_header": false,
            "security_groups": [
              "sg-0741f84962d0e7f41"
            ],
            "subnet_mapping": [
              {
                "allocation_id": "",
                "ipv6_address": "",
                "outpost_id": "",
                "private_ipv4_address": "",
                "subnet_id": "subnet-0a4a64b9b7ead2cb9"
              },
              {
                "allocation_id": "",
                "ipv6_address": "",
                "outpost_id": "",
                "private_ipv4_address": "",
                "subnet_id": "subnet-0b0c7f372470db8bc"
              }
            ],
            "subnets": [
              "subnet-0a4a64b9b7ead2cb9",
              "subnet-0b0c7f372470db8bc"
            ],
            "tags": {
              "Name": "rafay-lb"
            },
            "tags_all": {
              "Name": "rafay-lb"
            },
            "timeouts": null,
            "vpc_id": "vpc-0016311411bdf0310",
            "xff_header_processing_mode": "append",
            "zone_id": "Z35SXDOTRQ7X7K"
          },
          "sensitive_attributes": [],
          "private": "eyJlMmJmYjczMC1lY2FhLTExZTYtOGY4OC0zNDM2M2JjN2M0YzAiOnsiY3JlYXRlIjo2MDAwMDAwMDAwMDAsImRlbGV0ZSI6NjAwMDAwMDAwMDAwLCJ1cGRhdGUiOjYwMDAwMDAwMDAwMH19",
          "dependencies": [
            "module.Load-balancer.aws_security_group.rafay-ld-sg",
            "module.subnets.aws_subnet.pub-sub1",
            "module.subnets.aws_subnet.pub-sub2",
            "module.vpc.aws_vpc.main"
          ]
        }
      ]
    },
    {
      "module": "module.Load-balancer",
      "mode": "managed",
      "type": "aws_lb_listener",
      "name": "rafay_lis",
      "provider": "provider[\"registry.terraform.io/hashicorp/aws\"]",
      "instances": [
        {
          "schema_version": 0,
          "attributes": {
            "alpn_policy": null,
            "arn": "arn:aws:elasticloadbalancing:us-east-1:678878256416:listener/app/rafay-lb-tf/6c30b0aedd9da6ee/be6ffd0762ee4adb",
            "certificate_arn": null,
            "default_action": [
              {
                "authenticate_cognito": [],
                "authenticate_oidc": [],
                "fixed_response": [],
                "forward": [],
                "order": 1,
                "redirect": [],
                "target_group_arn": "arn:aws:elasticloadbalancing:us-east-1:678878256416:targetgroup/LB-tg/bf78fe4bb933da29",
                "type": "forward"
              }
            ],
            "id": "arn:aws:elasticloadbalancing:us-east-1:678878256416:listener/app/rafay-lb-tf/6c30b0aedd9da6ee/be6ffd0762ee4adb",
            "load_balancer_arn": "arn:aws:elasticloadbalancing:us-east-1:678878256416:loadbalancer/app/rafay-lb-tf/6c30b0aedd9da6ee",
            "mutual_authentication": [],
            "port": 80,
            "protocol": "HTTP",
            "ssl_policy": "",
            "tags": {
              "name": "rafay-lis"
            },
            "tags_all": {
              "name": "rafay-lis"
            },
            "tcp_idle_timeout_seconds": null,
            "timeouts": null
          },
          "sensitive_attributes": [],
          "private": "eyJlMmJmYjczMC1lY2FhLTExZTYtOGY4OC0zNDM2M2JjN2M0YzAiOnsiY3JlYXRlIjozMDAwMDAwMDAwMDAsInVwZGF0ZSI6MzAwMDAwMDAwMDAwfX0=",
          "dependencies": [
            "module.Load-balancer.aws_lb.rafay-lb",
            "module.Load-balancer.aws_lb_target_group.rafay-tg",
            "module.Load-balancer.aws_security_group.rafay-ld-sg",
            "module.subnets.aws_subnet.pub-sub1",
            "module.subnets.aws_subnet.pub-sub2",
            "module.vpc.aws_vpc.main"
          ]
        }
      ]
    },
    {
      "module": "module.Load-balancer",
      "mode": "managed",
      "type": "aws_lb_target_group",
      "name": "rafay-tg",
      "provider": "provider[\"registry.terraform.io/hashicorp/aws\"]",
      "instances": [
        {
          "schema_version": 0,
          "attributes": {
            "arn": "arn:aws:elasticloadbalancing:us-east-1:678878256416:targetgroup/LB-tg/bf78fe4bb933da29",
            "arn_suffix": "targetgroup/LB-tg/bf78fe4bb933da29",
            "connection_termination": null,
            "deregistration_delay": "300",
            "health_check": [
              {
                "enabled": true,
                "healthy_threshold": 3,
                "interval": 30,
                "matcher": "200",
                "path": "/",
                "port": "traffic-port",
                "protocol": "HTTP",
                "timeout": 5,
                "unhealthy_threshold": 3
              }
            ],
            "id": "arn:aws:elasticloadbalancing:us-east-1:678878256416:targetgroup/LB-tg/bf78fe4bb933da29",
            "ip_address_type": "ipv4",
            "lambda_multi_value_headers_enabled": false,
            "load_balancer_arns": [],
            "load_balancing_algorithm_type": "round_robin",
            "load_balancing_anomaly_mitigation": "off",
            "load_balancing_cross_zone_enabled": "use_load_balancer_configuration",
            "name": "LB-tg",
            "name_prefix": "",
            "port": 80,
            "preserve_client_ip": null,
            "protocol": "HTTP",
            "protocol_version": "HTTP1",
            "proxy_protocol_v2": false,
            "slow_start": 0,
            "stickiness": [
              {
                "cookie_duration": 86400,
                "cookie_name": "",
                "enabled": false,
                "type": "lb_cookie"
              }
            ],
            "tags": {
              "name": "rafay-tg"
            },
            "tags_all": {
              "name": "rafay-tg"
            },
            "target_failover": [
              {
                "on_deregistration": null,
                "on_unhealthy": null
              }
            ],
            "target_group_health": [
              {
                "dns_failover": [
                  {
                    "minimum_healthy_targets_count": "1",
                    "minimum_healthy_targets_percentage": "off"
                  }
                ],
                "unhealthy_state_routing": [
                  {
                    "minimum_healthy_targets_count": 1,
                    "minimum_healthy_targets_percentage": "off"
                  }
                ]
              }
            ],
            "target_health_state": [
              {
                "enable_unhealthy_connection_termination": null,
                "unhealthy_draining_interval": null
              }
            ],
            "target_type": "instance",
            "vpc_id": "vpc-0016311411bdf0310"
          },
          "sensitive_attributes": [],
          "private": "bnVsbA==",
          "dependencies": [
            "module.vpc.aws_vpc.main"
          ]
        }
      ]
    },
    {
      "module": "module.Load-balancer",
      "mode": "managed",
      "type": "aws_security_group",
      "name": "rafay-ld-sg",
      "provider": "provider[\"registry.terraform.io/hashicorp/aws\"]",
      "instances": [
        {
          "schema_version": 1,
          "attributes": {
            "arn": "arn:aws:ec2:us-east-1:678878256416:security-group/sg-0741f84962d0e7f41",
            "description": "Security group for the load balancer",
            "egress": [
              {
                "cidr_blocks": [
                  "0.0.0.0/0"
                ],
                "description": "",
                "from_port": 0,
                "ipv6_cidr_blocks": [],
                "prefix_list_ids": [],
                "protocol": "-1",
                "security_groups": [],
                "self": false,
                "to_port": 0
              }
            ],
            "id": "sg-0741f84962d0e7f41",
            "ingress": [
              {
                "cidr_blocks": [
                  "0.0.0.0/0"
                ],
                "description": "",
                "from_port": 443,
                "ipv6_cidr_blocks": [],
                "prefix_list_ids": [],
                "protocol": "tcp",
                "security_groups": [],
                "self": false,
                "to_port": 443
              },
              {
                "cidr_blocks": [
                  "0.0.0.0/0"
                ],
                "description": "",
                "from_port": 80,
                "ipv6_cidr_blocks": [],
                "prefix_list_ids": [],
                "protocol": "tcp",
                "security_groups": [],
                "self": false,
                "to_port": 80
              }
            ],
            "name": "load-balancer-sg",
            "name_prefix": "",
            "owner_id": "678878256416",
            "revoke_rules_on_delete": false,
            "tags": {
              "Name": "rafay-load-balancer-sg"
            },
            "tags_all": {
              "Name": "rafay-load-balancer-sg"
            },
            "timeouts": null,
            "vpc_id": "vpc-0016311411bdf0310"
          },
          "sensitive_attributes": [],
          "private": "eyJlMmJmYjczMC1lY2FhLTExZTYtOGY4OC0zNDM2M2JjN2M0YzAiOnsiY3JlYXRlIjo2MDAwMDAwMDAwMDAsImRlbGV0ZSI6OTAwMDAwMDAwMDAwfSwic2NoZW1hX3ZlcnNpb24iOiIxIn0=",
          "dependencies": [
            "module.vpc.aws_vpc.main"
          ]
        }
      ]
    },
    {
      "module": "module.Routes-Tables",
      "mode": "managed",
      "type": "aws_route_table",
      "name": "Private-Route",
      "provider": "provider[\"registry.terraform.io/hashicorp/aws\"]",
      "instances": [
        {
          "schema_version": 0,
          "attributes": {
            "arn": "arn:aws:ec2:us-east-1:678878256416:route-table/rtb-043016a9b49e49f73",
            "id": "rtb-043016a9b49e49f73",
            "owner_id": "678878256416",
            "propagating_vgws": [],
            "route": [],
            "tags": {
              "Name": "rafay-Pvt-RT"
            },
            "tags_all": {
              "Name": "rafay-Pvt-RT"
            },
            "timeouts": null,
            "vpc_id": "vpc-0016311411bdf0310"
          },
          "sensitive_attributes": [],
          "private": "eyJlMmJmYjczMC1lY2FhLTExZTYtOGY4OC0zNDM2M2JjN2M0YzAiOnsiY3JlYXRlIjozMDAwMDAwMDAwMDAsImRlbGV0ZSI6MzAwMDAwMDAwMDAwLCJ1cGRhdGUiOjEyMDAwMDAwMDAwMH19",
          "dependencies": [
            "module.vpc.aws_vpc.main"
          ]
        }
      ]
    },
    {
      "module": "module.Routes-Tables",
      "mode": "managed",
      "type": "aws_route_table",
      "name": "public-route",
      "provider": "provider[\"registry.terraform.io/hashicorp/aws\"]",
      "instances": [
        {
          "schema_version": 0,
          "attributes": {
            "arn": "arn:aws:ec2:us-east-1:678878256416:route-table/rtb-0b1feb440cbe4be16",
            "id": "rtb-0b1feb440cbe4be16",
            "owner_id": "678878256416",
            "propagating_vgws": [],
            "route": [
              {
                "carrier_gateway_id": "",
                "cidr_block": "0.0.0.0/0",
                "core_network_arn": "",
                "destination_prefix_list_id": "",
                "egress_only_gateway_id": "",
                "gateway_id": "igw-070deb5603234acab",
                "ipv6_cidr_block": "",
                "local_gateway_id": "",
                "nat_gateway_id": "",
                "network_interface_id": "",
                "transit_gateway_id": "",
                "vpc_endpoint_id": "",
                "vpc_peering_connection_id": ""
              }
            ],
            "tags": {
              "Name": "rafay-Pub-RT"
            },
            "tags_all": {
              "Name": "rafay-Pub-RT"
            },
            "timeouts": null,
            "vpc_id": "vpc-0016311411bdf0310"
          },
          "sensitive_attributes": [],
          "private": "eyJlMmJmYjczMC1lY2FhLTExZTYtOGY4OC0zNDM2M2JjN2M0YzAiOnsiY3JlYXRlIjozMDAwMDAwMDAwMDAsImRlbGV0ZSI6MzAwMDAwMDAwMDAwLCJ1cGRhdGUiOjEyMDAwMDAwMDAwMH19",
          "dependencies": [
            "module.vpc.aws_internet_gateway.mudz-igw",
            "module.vpc.aws_vpc.main"
          ]
        }
      ]
    },
    {
      "module": "module.Routes-Tables",
      "mode": "managed",
      "type": "aws_route_table_association",
      "name": "private-subnet-association",
      "provider": "provider[\"registry.terraform.io/hashicorp/aws\"]",
      "instances": [
        {
          "schema_version": 0,
          "attributes": {
            "gateway_id": "",
            "id": "rtbassoc-05c90df8444c418bb",
            "route_table_id": "rtb-043016a9b49e49f73",
            "subnet_id": "subnet-04335c11839b55f59",
            "timeouts": null
          },
          "sensitive_attributes": [],
          "private": "eyJlMmJmYjczMC1lY2FhLTExZTYtOGY4OC0zNDM2M2JjN2M0YzAiOnsiY3JlYXRlIjozMDAwMDAwMDAwMDAsImRlbGV0ZSI6MzAwMDAwMDAwMDAwLCJ1cGRhdGUiOjEyMDAwMDAwMDAwMH19",
          "dependencies": [
            "module.Routes-Tables.aws_route_table.Private-Route",
            "module.subnets.aws_subnet.pvt-sub1",
            "module.vpc.aws_vpc.main"
          ]
        }
      ]
    },
    {
      "module": "module.Routes-Tables",
      "mode": "managed",
      "type": "aws_route_table_association",
      "name": "public-sub-association",
      "provider": "provider[\"registry.terraform.io/hashicorp/aws\"]",
      "instances": [
        {
          "schema_version": 0,
          "attributes": {
            "gateway_id": "",
            "id": "rtbassoc-07a4ed65b84626776",
            "route_table_id": "rtb-0b1feb440cbe4be16",
            "subnet_id": "subnet-0b0c7f372470db8bc",
            "timeouts": null
          },
          "sensitive_attributes": [],
          "private": "eyJlMmJmYjczMC1lY2FhLTExZTYtOGY4OC0zNDM2M2JjN2M0YzAiOnsiY3JlYXRlIjozMDAwMDAwMDAwMDAsImRlbGV0ZSI6MzAwMDAwMDAwMDAwLCJ1cGRhdGUiOjEyMDAwMDAwMDAwMH19",
          "dependencies": [
            "module.Routes-Tables.aws_route_table.public-route",
            "module.subnets.aws_subnet.pub-sub1",
            "module.vpc.aws_internet_gateway.mudz-igw",
            "module.vpc.aws_vpc.main"
          ]
        }
      ]
    },
    {
      "module": "module.autoscaling",
      "mode": "managed",
      "type": "aws_autoscaling_group",
      "name": "rafay_asg",
      "provider": "provider[\"registry.terraform.io/hashicorp/aws\"]",
      "instances": [
        {
          "schema_version": 1,
          "attributes": {
            "arn": "arn:aws:autoscaling:us-east-1:678878256416:autoScalingGroup:54cf0b7d-4489-45e0-8387-9c9b48aa5721:autoScalingGroupName/terraform-20241231125307026700000009",
            "availability_zone_distribution": [
              {
                "capacity_distribution_strategy": "balanced-best-effort"
              }
            ],
            "availability_zones": [
              "us-east-1a",
              "us-east-1b"
            ],
            "capacity_rebalance": false,
            "context": "",
            "default_cooldown": 300,
            "default_instance_warmup": 0,
            "desired_capacity": 2,
            "desired_capacity_type": "",
            "enabled_metrics": null,
            "force_delete": false,
            "force_delete_warm_pool": false,
            "health_check_grace_period": 300,
            "health_check_type": "EC2",
            "id": "terraform-20241231125307026700000009",
            "ignore_failed_scaling_activities": false,
            "initial_lifecycle_hook": [],
            "instance_maintenance_policy": [],
            "instance_refresh": [],
            "launch_configuration": "",
            "launch_template": [],
            "load_balancers": [],
            "max_instance_lifetime": 0,
            "max_size": 2,
            "metrics_granularity": "1Minute",
            "min_elb_capacity": null,
            "min_size": 1,
            "mixed_instances_policy": [
              {
                "instances_distribution": [
                  {
                    "on_demand_allocation_strategy": "prioritized",
                    "on_demand_base_capacity": 0,
                    "on_demand_percentage_above_base_capacity": 100,
                    "spot_allocation_strategy": "lowest-price",
                    "spot_instance_pools": 2,
                    "spot_max_price": ""
                  }
                ],
                "launch_template": [
                  {
                    "launch_template_specification": [
                      {
                        "launch_template_id": "lt-07759bdfdbfd44ef2",
                        "launch_template_name": "rafay_asg",
                        "version": "$Default"
                      }
                    ],
                    "override": []
                  }
                ]
              }
            ],
            "name": "terraform-20241231125307026700000009",
            "name_prefix": "terraform-",
            "placement_group": "",
            "predicted_capacity": 0,
            "protect_from_scale_in": false,
            "service_linked_role_arn": "arn:aws:iam::678878256416:role/aws-service-role/autoscaling.amazonaws.com/AWSServiceRoleForAutoScaling",
            "suspended_processes": null,
            "tag": [],
            "target_group_arns": [
              "arn:aws:elasticloadbalancing:us-east-1:678878256416:targetgroup/LB-tg/bf78fe4bb933da29"
            ],
            "termination_policies": null,
            "timeouts": null,
            "traffic_source": [
              {
                "identifier": "arn:aws:elasticloadbalancing:us-east-1:678878256416:targetgroup/LB-tg/bf78fe4bb933da29",
                "type": "elbv2"
              }
            ],
            "vpc_zone_identifier": [
              "subnet-0a4a64b9b7ead2cb9",
              "subnet-0b0c7f372470db8bc"
            ],
            "wait_for_capacity_timeout": "10m",
            "wait_for_elb_capacity": null,
            "warm_pool": [],
            "warm_pool_size": 0
          },
          "sensitive_attributes": [],
          "private": "eyJlMmJmYjczMC1lY2FhLTExZTYtOGY4OC0zNDM2M2JjN2M0YzAiOnsiZGVsZXRlIjo2MDAwMDAwMDAwMDAsInVwZGF0ZSI6NjAwMDAwMDAwMDAwfSwic2NoZW1hX3ZlcnNpb24iOiIxIn0=",
          "dependencies": [
            "module.EC2.aws_ami_from_instance.rafay-ami",
            "module.EC2.aws_instance.IIS-server",
            "module.EC2.aws_key_pair.rafay-key",
            "module.EC2.aws_security_group.IIS-server",
            "module.EC2.tls_private_key.EC2-key",
            "module.Load-balancer.aws_lb_target_group.rafay-tg",
            "module.autoscaling.aws_launch_template.rafay_lt",
            "module.autoscaling.aws_security_group.asg-sg",
            "module.subnets.aws_subnet.pub-sub1",
            "module.subnets.aws_subnet.pub-sub2",
            "module.vpc.aws_vpc.main"
          ]
        }
      ]
    },
    {
      "module": "module.autoscaling",
      "mode": "managed",
      "type": "aws_launch_template",
      "name": "rafay_lt",
      "provider": "provider[\"registry.terraform.io/hashicorp/aws\"]",
      "instances": [
        {
          "schema_version": 0,
          "attributes": {
            "arn": "arn:aws:ec2:us-east-1:678878256416:launch-template/lt-07759bdfdbfd44ef2",
            "block_device_mappings": [],
            "capacity_reservation_specification": [],
            "cpu_options": [],
            "credit_specification": [],
            "default_version": 1,
            "description": "",
            "disable_api_stop": false,
            "disable_api_termination": false,
            "ebs_optimized": "",
            "elastic_gpu_specifications": [],
            "elastic_inference_accelerator": [],
            "enclave_options": [],
            "hibernation_options": [],
            "iam_instance_profile": [],
            "id": "lt-07759bdfdbfd44ef2",
            "image_id": "ami-04764c7123cab667c",
            "instance_initiated_shutdown_behavior": "",
            "instance_market_options": [],
            "instance_requirements": [],
            "instance_type": "t2.micro",
            "kernel_id": "",
            "key_name": "",
            "latest_version": 1,
            "license_specification": [],
            "maintenance_options": [],
            "metadata_options": [],
            "monitoring": [],
            "name": "rafay_asg",
            "name_prefix": "",
            "network_interfaces": [],
            "placement": [],
            "private_dns_name_options": [],
            "ram_disk_id": "",
            "security_group_names": null,
            "tag_specifications": [],
            "tags": null,
            "tags_all": {},
            "update_default_version": null,
            "user_data": "",
            "vpc_security_group_ids": [
              "sg-0bfb034df5dcb4ebe"
            ]
          },
          "sensitive_attributes": [],
          "private": "bnVsbA==",
          "dependencies": [
            "module.EC2.aws_ami_from_instance.rafay-ami",
            "module.EC2.aws_instance.IIS-server",
            "module.EC2.aws_key_pair.rafay-key",
            "module.EC2.aws_security_group.IIS-server",
            "module.EC2.tls_private_key.EC2-key",
            "module.autoscaling.aws_security_group.asg-sg",
            "module.subnets.aws_subnet.pub-sub1",
            "module.vpc.aws_vpc.main"
          ]
        }
      ]
    },
    {
      "module": "module.autoscaling",
      "mode": "managed",
      "type": "aws_security_group",
      "name": "asg-sg",
      "provider": "provider[\"registry.terraform.io/hashicorp/aws\"]",
      "instances": [
        {
          "schema_version": 1,
          "attributes": {
            "arn": "arn:aws:ec2:us-east-1:678878256416:security-group/sg-0bfb034df5dcb4ebe",
            "description": "Managed by Terraform",
            "egress": [
              {
                "cidr_blocks": [
                  "0.0.0.0/0"
                ],
                "description": "",
                "from_port": 0,
                "ipv6_cidr_blocks": [],
                "prefix_list_ids": [],
                "protocol": "-1",
                "security_groups": [],
                "self": false,
                "to_port": 0
              }
            ],
            "id": "sg-0bfb034df5dcb4ebe",
            "ingress": [
              {
                "cidr_blocks": [
                  "0.0.0.0/0"
                ],
                "description": "",
                "from_port": 3389,
                "ipv6_cidr_blocks": [],
                "prefix_list_ids": [],
                "protocol": "tcp",
                "security_groups": [],
                "self": false,
                "to_port": 3389
              },
              {
                "cidr_blocks": [
                  "0.0.0.0/0"
                ],
                "description": "",
                "from_port": 443,
                "ipv6_cidr_blocks": [],
                "prefix_list_ids": [],
                "protocol": "tcp",
                "security_groups": [],
                "self": false,
                "to_port": 443
              },
              {
                "cidr_blocks": [
                  "0.0.0.0/0"
                ],
                "description": "",
                "from_port": 80,
                "ipv6_cidr_blocks": [],
                "prefix_list_ids": [],
                "protocol": "tcp",
                "security_groups": [],
                "self": false,
                "to_port": 80
              }
            ],
            "name": "rafay-asg",
            "name_prefix": "",
            "owner_id": "678878256416",
            "revoke_rules_on_delete": false,
            "tags": {
              "name": "rafay-asg-sg"
            },
            "tags_all": {
              "name": "rafay-asg-sg"
            },
            "timeouts": null,
            "vpc_id": "vpc-0016311411bdf0310"
          },
          "sensitive_attributes": [],
          "private": "eyJlMmJmYjczMC1lY2FhLTExZTYtOGY4OC0zNDM2M2JjN2M0YzAiOnsiY3JlYXRlIjo2MDAwMDAwMDAwMDAsImRlbGV0ZSI6OTAwMDAwMDAwMDAwfSwic2NoZW1hX3ZlcnNpb24iOiIxIn0=",
          "dependencies": [
            "module.vpc.aws_vpc.main"
          ]
        }
      ]
    },
    {
      "module": "module.rafay_test_s3_bucket",
      "mode": "managed",
      "type": "aws_s3_bucket",
      "name": "rafay_s3_bucket",
      "provider": "provider[\"registry.terraform.io/hashicorp/aws\"]",
      "instances": [
        {
          "schema_version": 0,
          "attributes": {
            "acceleration_status": "",
            "acl": null,
            "arn": "arn:aws:s3:::rafay-test-bucket-cdf6d3ea",
            "bucket": "rafay-test-bucket-cdf6d3ea",
            "bucket_domain_name": "rafay-test-bucket-cdf6d3ea.s3.amazonaws.com",
            "bucket_prefix": "",
            "bucket_regional_domain_name": "rafay-test-bucket-cdf6d3ea.s3.us-east-1.amazonaws.com",
            "cors_rule": [],
            "force_destroy": true,
            "grant": [
              {
                "id": "29d51b47bd076cad0fd002d79120e497813a329f9ba06b701f032e3a5ad49a00",
                "permissions": [
                  "FULL_CONTROL"
                ],
                "type": "CanonicalUser",
                "uri": ""
              }
            ],
            "hosted_zone_id": "Z3AQBSTGFYJSTF",
            "id": "rafay-test-bucket-cdf6d3ea",
            "lifecycle_rule": [],
            "logging": [],
            "object_lock_configuration": [],
            "object_lock_enabled": false,
            "policy": "",
            "region": "us-east-1",
            "replication_configuration": [],
            "request_payer": "BucketOwner",
            "server_side_encryption_configuration": [
              {
                "rule": [
                  {
                    "apply_server_side_encryption_by_default": [
                      {
                        "kms_master_key_id": "",
                        "sse_algorithm": "AES256"
                      }
                    ],
                    "bucket_key_enabled": false
                  }
                ]
              }
            ],
            "tags": {
              "Environment": "Test",
              "Project": "LowCostS3"
            },
            "tags_all": {
              "Environment": "Test",
              "Project": "LowCostS3"
            },
            "timeouts": null,
            "versioning": [
              {
                "enabled": false,
                "mfa_delete": false
              }
            ],
            "website": [],
            "website_domain": null,
            "website_endpoint": null
          },
          "sensitive_attributes": [],
          "private": "eyJlMmJmYjczMC1lY2FhLTExZTYtOGY4OC0zNDM2M2JjN2M0YzAiOnsiY3JlYXRlIjoxMjAwMDAwMDAwMDAwLCJkZWxldGUiOjM2MDAwMDAwMDAwMDAsInJlYWQiOjEyMDAwMDAwMDAwMDAsInVwZGF0ZSI6MTIwMDAwMDAwMDAwMH19",
          "dependencies": [
            "random_id.suffix"
          ]
        }
      ]
    },
    {
      "module": "module.rafay_test_s3_bucket",
      "mode": "managed",
      "type": "aws_s3_bucket_lifecycle_configuration",
      "name": "rafay_lifecycle_rule",
      "provider": "provider[\"registry.terraform.io/hashicorp/aws\"]",
      "instances": [
        {
          "schema_version": 0,
          "attributes": {
            "bucket": "rafay-test-bucket-cdf6d3ea",
            "expected_bucket_owner": "",
            "id": "rafay-test-bucket-cdf6d3ea",
            "rule": [
              {
                "abort_incomplete_multipart_upload": [],
                "expiration": [
                  {
                    "date": "",
                    "days": 1,
                    "expired_object_delete_marker": false
                  }
                ],
                "filter": [
                  {
                    "and": [],
                    "object_size_greater_than": "",
                    "object_size_less_than": "",
                    "prefix": "",
                    "tag": []
                  }
                ],
                "id": "ExpireObjects",
                "noncurrent_version_expiration": [],
                "noncurrent_version_transition": [],
                "prefix": "",
                "status": "Enabled",
                "transition": []
              }
            ],
            "timeouts": null,
            "transition_default_minimum_object_size": "all_storage_classes_128K"
          },
          "sensitive_attributes": [],
          "private": "eyJlMmJmYjczMC1lY2FhLTExZTYtOGY4OC0zNDM2M2JjN2M0YzAiOnsiY3JlYXRlIjoxODAwMDAwMDAwMDAsInVwZGF0ZSI6MTgwMDAwMDAwMDAwfX0=",
          "dependencies": [
            "module.rafay_test_s3_bucket.aws_s3_bucket.rafay_s3_bucket",
            "random_id.suffix"
          ]
        }
      ]
    },
    {
      "module": "module.rds",
      "mode": "managed",
      "type": "aws_db_instance",
      "name": "rafay-db",
      "provider": "provider[\"registry.terraform.io/hashicorp/aws\"]",
      "instances": [
        {
          "schema_version": 2,
          "attributes": {
            "address": "terraform-20241231124935070200000006.ck5jubbtc13w.us-east-1.rds.amazonaws.com",
            "allocated_storage": 20,
            "allow_major_version_upgrade": null,
            "apply_immediately": false,
            "arn": "arn:aws:rds:us-east-1:678878256416:db:terraform-20241231124935070200000006",
            "auto_minor_version_upgrade": true,
            "availability_zone": "us-east-1a",
            "backup_retention_period": 7,
            "backup_target": "region",
            "backup_window": "08:28-08:58",
            "blue_green_update": [],
            "ca_cert_identifier": "rds-ca-rsa2048-g1",
            "character_set_name": "",
            "copy_tags_to_snapshot": false,
            "custom_iam_instance_profile": "",
            "customer_owned_ip_enabled": false,
            "db_name": "",
            "db_subnet_group_name": "examplmudze-subnet-group",
            "dedicated_log_volume": false,
            "delete_automated_backups": true,
            "deletion_protection": false,
            "domain": "",
            "domain_auth_secret_arn": "",
            "domain_dns_ips": null,
            "domain_fqdn": "",
            "domain_iam_role_name": "",
            "domain_ou": "",
            "enabled_cloudwatch_logs_exports": null,
            "endpoint": "terraform-20241231124935070200000006.ck5jubbtc13w.us-east-1.rds.amazonaws.com:3306",
            "engine": "mysql",
            "engine_lifecycle_support": "open-source-rds-extended-support",
            "engine_version": "8.0",
            "engine_version_actual": "8.0.39",
            "final_snapshot_identifier": null,
            "hosted_zone_id": "Z2R2ITUGPM61AM",
            "iam_database_authentication_enabled": false,
            "id": "db-LY3SOTZCTULSZWRZWSTQXCZUO4",
            "identifier": "terraform-20241231124935070200000006",
            "identifier_prefix": "terraform-",
            "instance_class": "db.t3.micro",
            "iops": 0,
            "kms_key_id": "",
            "latest_restorable_time": "2024-12-31T12:54:27Z",
            "license_model": "general-public-license",
            "listener_endpoint": [],
            "maintenance_window": "sat:09:11-sat:09:41",
            "manage_master_user_password": null,
            "master_user_secret": [],
            "master_user_secret_kms_key_id": null,
            "max_allocated_storage": 0,
            "monitoring_interval": 0,
            "monitoring_role_arn": "",
            "multi_az": false,
            "nchar_character_set_name": "",
            "network_type": "IPV4",
            "option_group_name": "default:mysql-8-0",
            "parameter_group_name": "default.mysql8.0",
            "password": "Password!123",
            "performance_insights_enabled": false,
            "performance_insights_kms_key_id": "",
            "performance_insights_retention_period": 0,
            "port": 3306,
            "publicly_accessible": false,
            "replica_mode": "",
            "replicas": [],
            "replicate_source_db": "",
            "resource_id": "db-LY3SOTZCTULSZWRZWSTQXCZUO4",
            "restore_to_point_in_time": [],
            "s3_import": [],
            "skip_final_snapshot": true,
            "snapshot_identifier": null,
            "status": "available",
            "storage_encrypted": false,
            "storage_throughput": 0,
            "storage_type": "gp2",
            "tags": null,
            "tags_all": {},
            "timeouts": null,
            "timezone": "",
            "upgrade_storage_config": null,
            "username": "admin",
            "vpc_security_group_ids": [
              "sg-0635578382213d8c4"
            ]
          },
          "sensitive_attributes": [
            [
              {
                "type": "get_attr",
                "value": "password"
              }
            ]
          ],
          "private": "eyJlMmJmYjczMC1lY2FhLTExZTYtOGY4OC0zNDM2M2JjN2M0YzAiOnsiY3JlYXRlIjozMDAwMDAwMDAwMDAwLCJkZWxldGUiOjM2MDAwMDAwMDAwMDAsInVwZGF0ZSI6NDgwMDAwMDAwMDAwMH0sInNjaGVtYV92ZXJzaW9uIjoiMiJ9",
          "dependencies": [
            "module.rds.aws_db_subnet_group.rafay-subnet-group",
            "module.subnets.aws_subnet.pub-sub1",
            "module.subnets.aws_subnet.pub-sub2",
            "module.vpc.aws_vpc.main"
          ]
        }
      ]
    },
    {
      "module": "module.rds",
      "mode": "managed",
      "type": "aws_db_subnet_group",
      "name": "rafay-subnet-group",
      "provider": "provider[\"registry.terraform.io/hashicorp/aws\"]",
      "instances": [
        {
          "schema_version": 0,
          "attributes": {
            "arn": "arn:aws:rds:us-east-1:678878256416:subgrp:examplmudze-subnet-group",
            "description": "Managed by Terraform",
            "id": "examplmudze-subnet-group",
            "name": "examplmudze-subnet-group",
            "name_prefix": "",
            "subnet_ids": [
              "subnet-0a4a64b9b7ead2cb9",
              "subnet-0b0c7f372470db8bc"
            ],
            "supported_network_types": [
              "IPV4"
            ],
            "tags": {
              "Name": "rafay-subnet-group"
            },
            "tags_all": {
              "Name": "rafay-subnet-group"
            },
            "vpc_id": "vpc-0016311411bdf0310"
          },
          "sensitive_attributes": [],
          "private": "bnVsbA==",
          "dependencies": [
            "module.subnets.aws_subnet.pub-sub1",
            "module.subnets.aws_subnet.pub-sub2",
            "module.vpc.aws_vpc.main"
          ]
        }
      ]
    },
    {
      "module": "module.subnets",
      "mode": "managed",
      "type": "aws_subnet",
      "name": "pub-sub1",
      "provider": "provider[\"registry.terraform.io/hashicorp/aws\"]",
      "instances": [
        {
          "schema_version": 1,
          "attributes": {
            "arn": "arn:aws:ec2:us-east-1:678878256416:subnet/subnet-0b0c7f372470db8bc",
            "assign_ipv6_address_on_creation": false,
            "availability_zone": "us-east-1b",
            "availability_zone_id": "use1-az1",
            "cidr_block": "10.0.1.0/24",
            "customer_owned_ipv4_pool": "",
            "enable_dns64": false,
            "enable_lni_at_device_index": 0,
            "enable_resource_name_dns_a_record_on_launch": false,
            "enable_resource_name_dns_aaaa_record_on_launch": false,
            "id": "subnet-0b0c7f372470db8bc",
            "ipv6_cidr_block": "",
            "ipv6_cidr_block_association_id": "",
            "ipv6_native": false,
            "map_customer_owned_ip_on_launch": false,
            "map_public_ip_on_launch": false,
            "outpost_arn": "",
            "owner_id": "678878256416",
            "private_dns_hostname_type_on_launch": "ip-name",
            "tags": {
              "Name": "rafay-Public-Subnet1"
            },
            "tags_all": {
              "Name": "rafay-Public-Subnet1"
            },
            "timeouts": null,
            "vpc_id": "vpc-0016311411bdf0310"
          },
          "sensitive_attributes": [],
          "private": "eyJlMmJmYjczMC1lY2FhLTExZTYtOGY4OC0zNDM2M2JjN2M0YzAiOnsiY3JlYXRlIjo2MDAwMDAwMDAwMDAsImRlbGV0ZSI6MTIwMDAwMDAwMDAwMH0sInNjaGVtYV92ZXJzaW9uIjoiMSJ9",
          "dependencies": [
            "module.vpc.aws_vpc.main"
          ]
        }
      ]
    },
    {
      "module": "module.subnets",
      "mode": "managed",
      "type": "aws_subnet",
      "name": "pub-sub2",
      "provider": "provider[\"registry.terraform.io/hashicorp/aws\"]",
      "instances": [
        {
          "schema_version": 1,
          "attributes": {
            "arn": "arn:aws:ec2:us-east-1:678878256416:subnet/subnet-0a4a64b9b7ead2cb9",
            "assign_ipv6_address_on_creation": false,
            "availability_zone": "us-east-1a",
            "availability_zone_id": "use1-az6",
            "cidr_block": "10.0.3.0/24",
            "customer_owned_ipv4_pool": "",
            "enable_dns64": false,
            "enable_lni_at_device_index": 0,
            "enable_resource_name_dns_a_record_on_launch": false,
            "enable_resource_name_dns_aaaa_record_on_launch": false,
            "id": "subnet-0a4a64b9b7ead2cb9",
            "ipv6_cidr_block": "",
            "ipv6_cidr_block_association_id": "",
            "ipv6_native": false,
            "map_customer_owned_ip_on_launch": false,
            "map_public_ip_on_launch": false,
            "outpost_arn": "",
            "owner_id": "678878256416",
            "private_dns_hostname_type_on_launch": "ip-name",
            "tags": {
              "Name": "rafay-Public-Subnet2"
            },
            "tags_all": {
              "Name": "rafay-Public-Subnet2"
            },
            "timeouts": null,
            "vpc_id": "vpc-0016311411bdf0310"
          },
          "sensitive_attributes": [],
          "private": "eyJlMmJmYjczMC1lY2FhLTExZTYtOGY4OC0zNDM2M2JjN2M0YzAiOnsiY3JlYXRlIjo2MDAwMDAwMDAwMDAsImRlbGV0ZSI6MTIwMDAwMDAwMDAwMH0sInNjaGVtYV92ZXJzaW9uIjoiMSJ9",
          "dependencies": [
            "module.vpc.aws_vpc.main"
          ]
        }
      ]
    },
    {
      "module": "module.subnets",
      "mode": "managed",
      "type": "aws_subnet",
      "name": "pvt-sub1",
      "provider": "provider[\"registry.terraform.io/hashicorp/aws\"]",
      "instances": [
        {
          "schema_version": 1,
          "attributes": {
            "arn": "arn:aws:ec2:us-east-1:678878256416:subnet/subnet-04335c11839b55f59",
            "assign_ipv6_address_on_creation": false,
            "availability_zone": "us-east-1a",
            "availability_zone_id": "use1-az6",
            "cidr_block": "10.0.2.0/24",
            "customer_owned_ipv4_pool": "",
            "enable_dns64": false,
            "enable_lni_at_device_index": 0,
            "enable_resource_name_dns_a_record_on_launch": false,
            "enable_resource_name_dns_aaaa_record_on_launch": false,
            "id": "subnet-04335c11839b55f59",
            "ipv6_cidr_block": "",
            "ipv6_cidr_block_association_id": "",
            "ipv6_native": false,
            "map_customer_owned_ip_on_launch": false,
            "map_public_ip_on_launch": false,
            "outpost_arn": "",
            "owner_id": "678878256416",
            "private_dns_hostname_type_on_launch": "ip-name",
            "tags": {
              "Name": "rafay-Private-subnet1"
            },
            "tags_all": {
              "Name": "rafay-Private-subnet1"
            },
            "timeouts": null,
            "vpc_id": "vpc-0016311411bdf0310"
          },
          "sensitive_attributes": [],
          "private": "eyJlMmJmYjczMC1lY2FhLTExZTYtOGY4OC0zNDM2M2JjN2M0YzAiOnsiY3JlYXRlIjo2MDAwMDAwMDAwMDAsImRlbGV0ZSI6MTIwMDAwMDAwMDAwMH0sInNjaGVtYV92ZXJzaW9uIjoiMSJ9",
          "dependencies": [
            "module.vpc.aws_vpc.main"
          ]
        }
      ]
    },
    {
      "module": "module.vpc",
      "mode": "managed",
      "type": "aws_internet_gateway",
      "name": "mudz-igw",
      "provider": "provider[\"registry.terraform.io/hashicorp/aws\"]",
      "instances": [
        {
          "schema_version": 0,
          "attributes": {
            "arn": "arn:aws:ec2:us-east-1:678878256416:internet-gateway/igw-070deb5603234acab",
            "id": "igw-070deb5603234acab",
            "owner_id": "678878256416",
            "tags": {
              "Name": "rafay-igway"
            },
            "tags_all": {
              "Name": "rafay-igway"
            },
            "timeouts": null,
            "vpc_id": "vpc-0016311411bdf0310"
          },
          "sensitive_attributes": [],
          "private": "eyJlMmJmYjczMC1lY2FhLTExZTYtOGY4OC0zNDM2M2JjN2M0YzAiOnsiY3JlYXRlIjoxMjAwMDAwMDAwMDAwLCJkZWxldGUiOjEyMDAwMDAwMDAwMDAsInVwZGF0ZSI6MTIwMDAwMDAwMDAwMH19",
          "dependencies": [
            "module.vpc.aws_vpc.main"
          ]
        }
      ]
    },
    {
      "module": "module.vpc",
      "mode": "managed",
      "type": "aws_vpc",
      "name": "main",
      "provider": "provider[\"registry.terraform.io/hashicorp/aws\"]",
      "instances": [
        {
          "schema_version": 1,
          "attributes": {
            "arn": "arn:aws:ec2:us-east-1:678878256416:vpc/vpc-0016311411bdf0310",
            "assign_generated_ipv6_cidr_block": false,
            "cidr_block": "10.0.0.0/16",
            "default_network_acl_id": "acl-065756749402b8687",
            "default_route_table_id": "rtb-03aa27ed8c660f440",
            "default_security_group_id": "sg-0635578382213d8c4",
            "dhcp_options_id": "dopt-f61bbc8c",
            "enable_dns_hostnames": false,
            "enable_dns_support": true,
            "enable_network_address_usage_metrics": false,
            "id": "vpc-0016311411bdf0310",
            "instance_tenancy": "default",
            "ipv4_ipam_pool_id": null,
            "ipv4_netmask_length": null,
            "ipv6_association_id": "",
            "ipv6_cidr_block": "",
            "ipv6_cidr_block_network_border_group": "",
            "ipv6_ipam_pool_id": "",
            "ipv6_netmask_length": 0,
            "main_route_table_id": "rtb-03aa27ed8c660f440",
            "owner_id": "678878256416",
            "tags": {
              "Name": "rafay_vpc"
            },
            "tags_all": {
              "Name": "rafay_vpc"
            }
          },
          "sensitive_attributes": [],
          "private": "eyJzY2hlbWFfdmVyc2lvbiI6IjEifQ=="
        }
      ]
    }
  ],
  "check_results": null
}
