{
  "version": 4,
  "terraform_version": "1.12.1",
  "serial": 515,
  "lineage": "b05e89ac-f636-393a-b45d-7cc2a5388ecd",
  "outputs": {},
  "resources": [
    {
      "module": "module.vpc",
      "mode": "managed",
      "type": "aws_vpc",
      "name": "main",
      "provider": "provider[\"registry.terraform.io/hashicorp/aws\"]",
      "instances": [
        {
          "schema_version": 1,
          "attributes": {
            "arn": "arn:aws:ec2:us-east-1:678878256416:vpc/vpc-039669c6016482334",
            "assign_generated_ipv6_cidr_block": false,
            "cidr_block": "10.0.0.0/16",
            "default_network_acl_id": "acl-0a41612af9bc2a2a2",
            "default_route_table_id": "rtb-02746e9b230bfbcaa",
            "default_security_group_id": "sg-048091c7517aa1f9b",
            "dhcp_options_id": "dopt-f61bbc8c",
            "enable_dns_hostnames": true,
            "enable_dns_support": true,
            "enable_network_address_usage_metrics": false,
            "id": "vpc-039669c6016482334",
            "instance_tenancy": "default",
            "ipv4_ipam_pool_id": null,
            "ipv4_netmask_length": null,
            "ipv6_association_id": "",
            "ipv6_cidr_block": "",
            "ipv6_cidr_block_network_border_group": "",
            "ipv6_ipam_pool_id": "",
            "ipv6_netmask_length": 0,
            "main_route_table_id": "rtb-02746e9b230bfbcaa",
            "owner_id": "678878256416",
            "tags": {
              "Name": "rafay_vpc"
            },
            "tags_all": {
              "Name": "rafay_vpc"
            }
          },
          "sensitive_attributes": [],
          "identity_schema_version": 0,
          "private": "eyJzY2hlbWFfdmVyc2lvbiI6IjEifQ=="
        }
      ]
    }
  ],
  "check_results": null
}
